
Microsoft Visual Studio Solution File, Format Version 12.00
# Visual Studio 2013
VisualStudioVersion = 12.0.31101.0
MinimumVisualStudioVersion = 10.0.40219.1
Project("{FAE04EC0-301F-11D3-BF4B-00C04F79EFBC}") = "01 - ScrollBox", "01 - ScrollBox\01 - ScrollBox.csproj", "{7D5A6197-5BDA-4FDB-B007-DE3C978C9CE5}"
EndProject
Project("{FAE04EC0-301F-11D3-BF4B-00C04F79EFBC}") = "02 - Wizard", "02 - Wizard\02 - Wizard.csproj", "{FD565FC6-029F-4596-A45B-61448F84DEB9}"
EndProject
Project("{FAE04EC0-301F-11D3-BF4B-00C04F79EFBC}") = "GameHelpers", "GameHelpers\GameHelpers.csproj", "{3A65DBCA-85A7-4CA1-8E15-113CC0E6A1CB}"
EndProject
Project("{FAE04EC0-301F-11D3-BF4B-00C04F79EFBC}") = "03 - FadeInOut", "03 - FadeInOut\03 - FadeInOut.csproj", "{8D1C8224-DF2E-40C9-A9E7-3655131BCFAF}"
EndProject
Project("{FAE04EC0-301F-11D3-BF4B-00C04F79EFBC}") = "04 - SelectionBox", "04 - SelectionBox\04 - SelectionBox.csproj", "{B6DA4859-4985-45B3-92F3-BF2EA196EF08}"
EndProject
Project("{FAE04EC0-301F-11D3-BF4B-00C04F79EFBC}") = "05 - HealthBar", "05 - HealthBar\05 - HealthBar.csproj", "{DA157B78-B7FF-406F-9DF4-47B8C1AA609E}"
EndProject
Project("{FAE04EC0-301F-11D3-BF4B-00C04F79EFBC}") = "06 - DriveFast", "06 - DriveFast\06 - DriveFast.csproj", "{F94A9E79-FDC6-4AEB-8409-F26BB559B62F}"
EndProject
Project("{FAE04EC0-301F-11D3-BF4B-00C04F79EFBC}") = "07 - ColorCollisions", "07 - ColorCollisions\07 - ColorCollisions.csproj", "{D8B53A53-0F80-4F8E-8CA4-FAC11E573AF6}"
EndProject
Global
	GlobalSection(SolutionConfigurationPlatforms) = preSolution
		Debug|Any CPU = Debug|Any CPU
		Debug|Mixed Platforms = Debug|Mixed Platforms
		Debug|x86 = Debug|x86
		Release|Any CPU = Release|Any CPU
		Release|Mixed Platforms = Release|Mixed Platforms
		Release|x86 = Release|x86
	EndGlobalSection
	GlobalSection(ProjectConfigurationPlatforms) = postSolution
		{7D5A6197-5BDA-4FDB-B007-DE3C978C9CE5}.Debug|Any CPU.ActiveCfg = Debug|x86
		{7D5A6197-5BDA-4FDB-B007-DE3C978C9CE5}.Debug|Mixed Platforms.ActiveCfg = Debug|x86
		{7D5A6197-5BDA-4FDB-B007-DE3C978C9CE5}.Debug|Mixed Platforms.Build.0 = Debug|x86
		{7D5A6197-5BDA-4FDB-B007-DE3C978C9CE5}.Debug|x86.ActiveCfg = Debug|x86
		{7D5A6197-5BDA-4FDB-B007-DE3C978C9CE5}.Debug|x86.Build.0 = Debug|x86
		{7D5A6197-5BDA-4FDB-B007-DE3C978C9CE5}.Release|Any CPU.ActiveCfg = Release|x86
		{7D5A6197-5BDA-4FDB-B007-DE3C978C9CE5}.Release|Mixed Platforms.ActiveCfg = Release|x86
		{7D5A6197-5BDA-4FDB-B007-DE3C978C9CE5}.Release|Mixed Platforms.Build.0 = Release|x86
		{7D5A6197-5BDA-4FDB-B007-DE3C978C9CE5}.Release|x86.ActiveCfg = Release|x86
		{7D5A6197-5BDA-4FDB-B007-DE3C978C9CE5}.Release|x86.Build.0 = Release|x86
		{FD565FC6-029F-4596-A45B-61448F84DEB9}.Debug|Any CPU.ActiveCfg = Debug|x86
		{FD565FC6-029F-4596-A45B-61448F84DEB9}.Debug|Mixed Platforms.ActiveCfg = Debug|x86
		{FD565FC6-029F-4596-A45B-61448F84DEB9}.Debug|Mixed Platforms.Build.0 = Debug|x86
		{FD565FC6-029F-4596-A45B-61448F84DEB9}.Debug|x86.ActiveCfg = Debug|x86
		{FD565FC6-029F-4596-A45B-61448F84DEB9}.Debug|x86.Build.0 = Debug|x86
		{FD565FC6-029F-4596-A45B-61448F84DEB9}.Release|Any CPU.ActiveCfg = Release|x86
		{FD565FC6-029F-4596-A45B-61448F84DEB9}.Release|Mixed Platforms.ActiveCfg = Release|x86
		{FD565FC6-029F-4596-A45B-61448F84DEB9}.Release|Mixed Platforms.Build.0 = Release|x86
		{FD565FC6-029F-4596-A45B-61448F84DEB9}.Release|x86.ActiveCfg = Release|x86
		{FD565FC6-029F-4596-A45B-61448F84DEB9}.Release|x86.Build.0 = Release|x86
		{3A65DBCA-85A7-4CA1-8E15-113CC0E6A1CB}.Debug|Any CPU.ActiveCfg = Debug|x86
		{3A65DBCA-85A7-4CA1-8E15-113CC0E6A1CB}.Debug|Mixed Platforms.ActiveCfg = Debug|x86
		{3A65DBCA-85A7-4CA1-8E15-113CC0E6A1CB}.Debug|Mixed Platforms.Build.0 = Debug|x86
		{3A65DBCA-85A7-4CA1-8E15-113CC0E6A1CB}.Debug|x86.ActiveCfg = Debug|x86
		{3A65DBCA-85A7-4CA1-8E15-113CC0E6A1CB}.Debug|x86.Build.0 = Debug|x86
		{3A65DBCA-85A7-4CA1-8E15-113CC0E6A1CB}.Release|Any CPU.ActiveCfg = Release|x86
		{3A65DBCA-85A7-4CA1-8E15-113CC0E6A1CB}.Release|Mixed Platforms.ActiveCfg = Release|x86
		{3A65DBCA-85A7-4CA1-8E15-113CC0E6A1CB}.Release|Mixed Platforms.Build.0 = Release|x86
		{3A65DBCA-85A7-4CA1-8E15-113CC0E6A1CB}.Release|x86.ActiveCfg = Release|x86
		{3A65DBCA-85A7-4CA1-8E15-113CC0E6A1CB}.Release|x86.Build.0 = Release|x86
		{8D1C8224-DF2E-40C9-A9E7-3655131BCFAF}.Debug|Any CPU.ActiveCfg = Debug|x86
		{8D1C8224-DF2E-40C9-A9E7-3655131BCFAF}.Debug|Mixed Platforms.ActiveCfg = Debug|x86
		{8D1C8224-DF2E-40C9-A9E7-3655131BCFAF}.Debug|Mixed Platforms.Build.0 = Debug|x86
		{8D1C8224-DF2E-40C9-A9E7-3655131BCFAF}.Debug|x86.ActiveCfg = Debug|x86
		{8D1C8224-DF2E-40C9-A9E7-3655131BCFAF}.Debug|x86.Build.0 = Debug|x86
		{8D1C8224-DF2E-40C9-A9E7-3655131BCFAF}.Release|Any CPU.ActiveCfg = Release|x86
		{8D1C8224-DF2E-40C9-A9E7-3655131BCFAF}.Release|Mixed Platforms.ActiveCfg = Release|x86
		{8D1C8224-DF2E-40C9-A9E7-3655131BCFAF}.Release|Mixed Platforms.Build.0 = Release|x86
		{8D1C8224-DF2E-40C9-A9E7-3655131BCFAF}.Release|x86.ActiveCfg = Release|x86
		{8D1C8224-DF2E-40C9-A9E7-3655131BCFAF}.Release|x86.Build.0 = Release|x86
		{B6DA4859-4985-45B3-92F3-BF2EA196EF08}.Debug|Any CPU.ActiveCfg = Debug|x86
		{B6DA4859-4985-45B3-92F3-BF2EA196EF08}.Debug|Mixed Platforms.ActiveCfg = Debug|x86
		{B6DA4859-4985-45B3-92F3-BF2EA196EF08}.Debug|Mixed Platforms.Build.0 = Debug|x86
		{B6DA4859-4985-45B3-92F3-BF2EA196EF08}.Debug|x86.ActiveCfg = Debug|x86
		{B6DA4859-4985-45B3-92F3-BF2EA196EF08}.Debug|x86.Build.0 = Debug|x86
		{B6DA4859-4985-45B3-92F3-BF2EA196EF08}.Release|Any CPU.ActiveCfg = Release|x86
		{B6DA4859-4985-45B3-92F3-BF2EA196EF08}.Release|Mixed Platforms.ActiveCfg = Release|x86
		{B6DA4859-4985-45B3-92F3-BF2EA196EF08}.Release|Mixed Platforms.Build.0 = Release|x86
		{B6DA4859-4985-45B3-92F3-BF2EA196EF08}.Release|x86.ActiveCfg = Release|x86
		{B6DA4859-4985-45B3-92F3-BF2EA196EF08}.Release|x86.Build.0 = Release|x86
		{DA157B78-B7FF-406F-9DF4-47B8C1AA609E}.Debug|Any CPU.ActiveCfg = Debug|x86
		{DA157B78-B7FF-406F-9DF4-47B8C1AA609E}.Debug|Mixed Platforms.ActiveCfg = Debug|x86
		{DA157B78-B7FF-406F-9DF4-47B8C1AA609E}.Debug|Mixed Platforms.Build.0 = Debug|x86
		{DA157B78-B7FF-406F-9DF4-47B8C1AA609E}.Debug|x86.ActiveCfg = Debug|x86
		{DA157B78-B7FF-406F-9DF4-47B8C1AA609E}.Debug|x86.Build.0 = Debug|x86
		{DA157B78-B7FF-406F-9DF4-47B8C1AA609E}.Release|Any CPU.ActiveCfg = Release|x86
		{DA157B78-B7FF-406F-9DF4-47B8C1AA609E}.Release|Mixed Platforms.ActiveCfg = Release|x86
		{DA157B78-B7FF-406F-9DF4-47B8C1AA609E}.Release|Mixed Platforms.Build.0 = Release|x86
		{DA157B78-B7FF-406F-9DF4-47B8C1AA609E}.Release|x86.ActiveCfg = Release|x86
		{DA157B78-B7FF-406F-9DF4-47B8C1AA609E}.Release|x86.Build.0 = Release|x86
		{F94A9E79-FDC6-4AEB-8409-F26BB559B62F}.Debug|Any CPU.ActiveCfg = Debug|x86
		{F94A9E79-FDC6-4AEB-8409-F26BB559B62F}.Debug|Mixed Platforms.ActiveCfg = Debug|x86
		{F94A9E79-FDC6-4AEB-8409-F26BB559B62F}.Debug|Mixed Platforms.Build.0 = Debug|x86
		{F94A9E79-FDC6-4AEB-8409-F26BB559B62F}.Debug|x86.ActiveCfg = Debug|x86
		{F94A9E79-FDC6-4AEB-8409-F26BB559B62F}.Debug|x86.Build.0 = Debug|x86
		{F94A9E79-FDC6-4AEB-8409-F26BB559B62F}.Release|Any CPU.ActiveCfg = Release|x86
		{F94A9E79-FDC6-4AEB-8409-F26BB559B62F}.Release|Mixed Platforms.ActiveCfg = Release|x86
		{F94A9E79-FDC6-4AEB-8409-F26BB559B62F}.Release|Mixed Platforms.Build.0 = Release|x86
		{F94A9E79-FDC6-4AEB-8409-F26BB559B62F}.Release|x86.ActiveCfg = Release|x86
		{F94A9E79-FDC6-4AEB-8409-F26BB559B62F}.Release|x86.Build.0 = Release|x86
		{D8B53A53-0F80-4F8E-8CA4-FAC11E573AF6}.Debug|Any CPU.ActiveCfg = Debug|x86
		{D8B53A53-0F80-4F8E-8CA4-FAC11E573AF6}.Debug|Mixed Platforms.ActiveCfg = Debug|x86
		{D8B53A53-0F80-4F8E-8CA4-FAC11E573AF6}.Debug|Mixed Platforms.Build.0 = Debug|x86
		{D8B53A53-0F80-4F8E-8CA4-FAC11E573AF6}.Debug|x86.ActiveCfg = Debug|x86
		{D8B53A53-0F80-4F8E-8CA4-FAC11E573AF6}.Debug|x86.Build.0 = Debug|x86
		{D8B53A53-0F80-4F8E-8CA4-FAC11E573AF6}.Release|Any CPU.ActiveCfg = Release|x86
		{D8B53A53-0F80-4F8E-8CA4-FAC11E573AF6}.Release|Mixed Platforms.ActiveCfg = Release|x86
		{D8B53A53-0F80-4F8E-8CA4-FAC11E573AF6}.Release|Mixed Platforms.Build.0 = Release|x86
		{D8B53A53-0F80-4F8E-8CA4-FAC11E573AF6}.Release|x86.ActiveCfg = Release|x86
		{D8B53A53-0F80-4F8E-8CA4-FAC11E573AF6}.Release|x86.Build.0 = Release|x86
	EndGlobalSection
	GlobalSection(SolutionProperties) = preSolution
		HideSolutionNode = FALSE
	EndGlobalSection
EndGlobal
